
Microsoft Visual Studio Solution File, Format Version 12.00
# Visual Studio Version 16
VisualStudioVersion = 16.0.31424.327
MinimumVisualStudioVersion = 10.0.40219.1
Project("{FAE04EC0-301F-11D3-BF4B-00C04F79EFBC}") = "SharpPSLoader", "SharpPSLoader.csproj", "{04690188-549D-42C4-AFE9-BC2653CDE7B8}"
EndProject
Global
	GlobalSection(SolutionConfigurationPlatforms) = preSolution
		Debug|Any CPU = Debug|Any CPU
		Release|Any CPU = Release|Any CPU
	EndGlobalSection
	GlobalSection(ProjectConfigurationPlatforms) = postSolution
		{04690188-549D-42C4-AFE9-BC2653CDE7B8}.Debug|Any CPU.ActiveCfg = Debug|x64
		{04690188-549D-42C4-AFE9-BC2653CDE7B8}.Debug|Any CPU.Build.0 = Debug|x64
		{04690188-549D-42C4-AFE9-BC2653CDE7B8}.Release|Any CPU.ActiveCfg = Release|Any CPU
		{04690188-549D-42C4-AFE9-BC2653CDE7B8}.Release|Any CPU.Build.0 = Release|Any CPU
	EndGlobalSection
	GlobalSection(SolutionProperties) = preSolution
		HideSolutionNode = FALSE
	EndGlobalSection
	GlobalSection(ExtensibilityGlobals) = postSolution
		SolutionGuid = {D1CE1B70-ACD2-4124-B807-CA3DB20F77CF}
	EndGlobalSection
EndGlobal
